
Microsoft Visual Studio Solution File, Format Version 12.00
# Visual Studio Version 16
VisualStudioVersion = 16.0.31005.135
MinimumVisualStudioVersion = 10.0.40219.1
Project("{FAE04EC0-301F-11D3-BF4B-00C04F79EFBC}") = "Calculator", "Calculator\Calculator.csproj", "{179198F5-FDE3-4A15-A1CF-F0FD6FF1BE43}"
EndProject
Global
	GlobalSection(SolutionConfigurationPlatforms) = preSolution
		Debug|Any CPU = Debug|Any CPU
		Release|Any CPU = Release|Any CPU
	EndGlobalSection
	GlobalSection(ProjectConfigurationPlatforms) = postSolution
		{179198F5-FDE3-4A15-A1CF-F0FD6FF1BE43}.Debug|Any CPU.ActiveCfg = Debug|Any CPU
		{179198F5-FDE3-4A15-A1CF-F0FD6FF1BE43}.Debug|Any CPU.Build.0 = Debug|Any CPU
		{179198F5-FDE3-4A15-A1CF-F0FD6FF1BE43}.Release|Any CPU.ActiveCfg = Release|Any CPU
		{179198F5-FDE3-4A15-A1CF-F0FD6FF1BE43}.Release|Any CPU.Build.0 = Release|Any CPU
	EndGlobalSection
	GlobalSection(SolutionProperties) = preSolution
		HideSolutionNode = FALSE
	EndGlobalSection
	GlobalSection(ExtensibilityGlobals) = postSolution
		SolutionGuid = {F8791284-A070-4CF1-8B76-68F915121639}
	EndGlobalSection
EndGlobal
